
Microsoft Visual Studio Solution File, Format Version 12.00
# Visual Studio 2013
VisualStudioVersion = 12.0.40629.0
MinimumVisualStudioVersion = 10.0.40219.1
Project("{8BC9CEB8-8B4A-11D0-8D11-00A0C91BC942}") = "dynomite", "dynomite\dynomite.vcxproj", "{52C85EDB-55E8-4773-A31E-93D0CD238DEA}"
EndProject
Project("{8BC9CEB8-8B4A-11D0-8D11-00A0C91BC942}") = "Resolver", "Resolver\Resolver.vcxproj", "{8A4B7CDA-B8F4-46F3-B37E-CD982E79E68D}"
EndProject
Project("{8BC9CEB8-8B4A-11D0-8D11-00A0C91BC942}") = "yaml", "yaml\yaml.vcxproj", "{BD5F0E3B-900E-4639-A6A3-F7CDE74BD3F3}"
EndProject
Global
	GlobalSection(SolutionConfigurationPlatforms) = preSolution
		Debug|Win32 = Debug|Win32
		Release|Win32 = Release|Win32
	EndGlobalSection
	GlobalSection(ProjectConfigurationPlatforms) = postSolution
		{52C85EDB-55E8-4773-A31E-93D0CD238DEA}.Debug|Win32.ActiveCfg = Debug|Win32
		{52C85EDB-55E8-4773-A31E-93D0CD238DEA}.Debug|Win32.Build.0 = Debug|Win32
		{52C85EDB-55E8-4773-A31E-93D0CD238DEA}.Release|Win32.ActiveCfg = Release|Win32
		{52C85EDB-55E8-4773-A31E-93D0CD238DEA}.Release|Win32.Build.0 = Release|Win32
		{8A4B7CDA-B8F4-46F3-B37E-CD982E79E68D}.Debug|Win32.ActiveCfg = Debug|Win32
		{8A4B7CDA-B8F4-46F3-B37E-CD982E79E68D}.Debug|Win32.Build.0 = Debug|Win32
		{8A4B7CDA-B8F4-46F3-B37E-CD982E79E68D}.Release|Win32.ActiveCfg = Release|Win32
		{8A4B7CDA-B8F4-46F3-B37E-CD982E79E68D}.Release|Win32.Build.0 = Release|Win32
		{BD5F0E3B-900E-4639-A6A3-F7CDE74BD3F3}.Debug|Win32.ActiveCfg = Debug|Win32
		{BD5F0E3B-900E-4639-A6A3-F7CDE74BD3F3}.Debug|Win32.Build.0 = Debug|Win32
		{BD5F0E3B-900E-4639-A6A3-F7CDE74BD3F3}.Release|Win32.ActiveCfg = Release|Win32
		{BD5F0E3B-900E-4639-A6A3-F7CDE74BD3F3}.Release|Win32.Build.0 = Release|Win32
	EndGlobalSection
	GlobalSection(SolutionProperties) = preSolution
		HideSolutionNode = FALSE
	EndGlobalSection
EndGlobal
