<?xml version="1.0" encoding="utf-8"?>
<Project ToolsVersion="4.0" xmlns="http://schemas.microsoft.com/developer/msbuild/2003">
  <ItemGroup>
    <Filter Include="Source Files">
      <UniqueIdentifier>{4FC737F1-C7A5-4376-A066-2A32D752A2FF}</UniqueIdentifier>
      <Extensions>cpp;c;cxx;def;odl;idl;hpj;bat;asm;asmx</Extensions>
    </Filter>
    <Filter Include="Source Files\inet">
      <UniqueIdentifier>{e4031f05-ff2c-420b-91d2-915b41be85c6}</UniqueIdentifier>
    </Filter>
    <Filter Include="Header Files">
      <UniqueIdentifier>{93995380-89BD-4b04-88EB-625FBE52EBFB}</UniqueIdentifier>
      <Extensions>h;hpp;hxx;hm;inl;inc;xsd</Extensions>
    </Filter>
    <Filter Include="Header Files\arpa">
      <UniqueIdentifier>{5a02c779-faea-4712-ab16-c1734e99e760}</UniqueIdentifier>
    </Filter>
    <Filter Include="Header Files\isc">
      <UniqueIdentifier>{0e510143-9449-4cda-9566-4eda3f3e899a}</UniqueIdentifier>
    </Filter>
  </ItemGroup>
  <ItemGroup>
    <ClCompile Include="..\..\deps\resolver\ev_timers.c">
      <Filter>Source Files</Filter>
    </ClCompile>
    <ClCompile Include="..\..\deps\resolver\ns_name.c">
      <Filter>Source Files</Filter>
    </ClCompile>
    <ClCompile Include="..\..\deps\resolver\ns_parse.c">
      <Filter>Source Files</Filter>
    </ClCompile>
    <ClCompile Include="..\..\deps\resolver\ns_print.c">
      <Filter>Source Files</Filter>
    </ClCompile>
    <ClCompile Include="..\..\deps\resolver\ns_samedomain.c">
      <Filter>Source Files</Filter>
    </ClCompile>
    <ClCompile Include="..\..\deps\resolver\res_comp.c">
      <Filter>Source Files</Filter>
    </ClCompile>
    <ClCompile Include="..\..\deps\resolver\res_debug.c">
      <Filter>Source Files</Filter>
    </ClCompile>
    <ClCompile Include="..\..\deps\resolver\res_findzonecut.c">
      <Filter>Source Files</Filter>
    </ClCompile>
    <ClCompile Include="..\..\deps\resolver\res_init.c">
      <Filter>Source Files</Filter>
    </ClCompile>
    <ClCompile Include="..\..\deps\resolver\res_mkquery.c">
      <Filter>Source Files</Filter>
    </ClCompile>
    <ClCompile Include="..\..\deps\resolver\res_query.c">
      <Filter>Source Files</Filter>
    </ClCompile>
    <ClCompile Include="..\..\deps\resolver\res_send.c">
      <Filter>Source Files</Filter>
    </ClCompile>
    <ClCompile Include="..\..\deps\resolver\res_update.c">
      <Filter>Source Files</Filter>
    </ClCompile>
    <ClCompile Include="..\..\deps\resolver\inet\inet_addr.c">
      <Filter>Source Files\inet</Filter>
    </ClCompile>
  </ItemGroup>
  <ItemGroup>
    <ClInclude Include="..\..\deps\resolver\res_debug.h">
      <Filter>Header Files</Filter>
    </ClInclude>
    <ClInclude Include="..\..\deps\resolver\res_private.h">
      <Filter>Header Files</Filter>
    </ClInclude>
    <ClInclude Include="..\..\deps\resolver\cdefs.h">
      <Filter>Header Files</Filter>
    </ClInclude>
    <ClInclude Include="..\..\deps\resolver\res_update.h">
      <Filter>Header Files</Filter>
    </ClInclude>
    <ClInclude Include="..\..\deps\resolver\resolv.h">
      <Filter>Header Files</Filter>
    </ClInclude>
    <ClInclude Include="..\..\deps\resolver\isc\list.h">
      <Filter>Header Files</Filter>
    </ClInclude>
    <ClInclude Include="..\..\deps\resolver\arpa\inet.h">
      <Filter>Header Files\arpa</Filter>
    </ClInclude>
    <ClInclude Include="..\..\deps\resolver\nameser.h">
      <Filter>Header Files\isc</Filter>
    </ClInclude>
  </ItemGroup>
</Project>